# This file is automatically @generated by Cargo.
# It is not intended for manual editing.
version = 4

[[package]]
name = "aho-corasick"
version = "1.1.4"
source = "registry+https://github.com/rust-lang/crates.io-index"
checksum = "ddd31a130427c27518df266943a5308ed92d4b226cc639f5a8f1002816174301"
dependencies = [
 "memchr",
]

[[package]]
name = "autocfg"
version = "1.5.1"
source = "registry+https://github.com/rust-lang/crates.io-index"
checksum = "f2032f911046de80f0a198e0901378627c33f59ea0ac00e363d481118bd70a53"

[[package]]
name = "bitflags"
version = "2.13.0"
source = "registry+https://github.com/rust-lang/crates.io-index"
checksum = "b4388bee8683e3d04af747c73422af53102d2bd24d9eadb6cbc100baef4b43f8"

[[package]]
name = "bytes"
version = "1.12.0"
source = "registry+https://github.com/rust-lang/crates.io-index"
checksum = "8ae3f5d315924270530207e2a68396c3cc547f6dca3fbdca317cfb1a51edb593"

[[package]]
name = "dispatch2"
version = "0.3.1"
source = "registry+https://github.com/rust-lang/crates.io-index"
checksum = "1e0e367e4e7da84520dedcac1901e4da967309406d1e51017ae1abfb97adbd38"
dependencies = [
 "bitflags",
 "objc2",
]

[[package]]
name = "errno"
version = "0.3.14"
source = "registry+https://github.com/rust-lang/crates.io-index"
checksum = "39cab71617ae0d63f51a36d69f866391735b51691dbda63cf6f96d042b63efeb"
dependencies = [
 "libc",
 "windows-sys",
]

[[package]]
name = "fend-core"
version = "1.5.8"
source = "registry+https://github.com/rust-lang/crates.io-index"
checksum = "59b16d394a9991c9b0fee89855daafc7c6cd341be9528ac8b45f9b7aed3d8be8"

[[package]]
name = "flash-plugin-calculator"
version = "0.1.0"
dependencies = [
 "fend-core",
 "flash_plugin",
 "quick-xml",
 "serde",
 "serde_json",
 "tokio",
]

[[package]]
name = "flash-plugin-chromium"
version = "0.1.0"
dependencies = [
 "flash_plugin",
 "serde",
 "serde_json",
 "tokio",
]

[[package]]
name = "flash-plugin-clipboard"
version = "0.1.0"
dependencies = [
 "flash_plugin",
 "serde",
 "serde_json",
 "tokio",
]

[[package]]
name = "flash-plugin-contacts"
version = "0.1.0"
dependencies = [
 "flash_plugin",
 "serde",
 "tokio",
]

[[package]]
name = "flash-plugin-firefox"
version = "0.1.0"
dependencies = [
 "flash_plugin",
 "serde",
 "serde_json",
 "tokio",
]

[[package]]
name = "flash-plugin-marks"
version = "0.1.0"
dependencies = [
 "flash_plugin",
 "serde",
 "serde_json",
 "tokio",
]

[[package]]
name = "flash-plugin-media"
version = "0.1.0"
dependencies = [
 "flash_plugin",
 "objc2",
 "objc2-app-kit",
 "objc2-core-graphics",
 "objc2-foundation",
]

[[package]]
name = "flash-plugin-notes"
version = "0.1.0"
dependencies = [
 "flash_plugin",
 "serde",
 "tokio",
]

[[package]]
name = "flash-plugin-processes"
version = "0.1.0"
dependencies = [
 "flash_plugin",
 "tokio",
]

[[package]]
name = "flash-plugin-reminders"
version = "0.1.0"
dependencies = [
 "flash_plugin",
 "serde",
 "tokio",
]

[[package]]
name = "flash-plugin-safari"
version = "0.1.0"
dependencies = [
 "flash_plugin",
 "serde",
 "serde_json",
 "tokio",
]

[[package]]
name = "flash-plugin-slack"
version = "0.1.0"
dependencies = [
 "flash_plugin",
]

[[package]]
name = "flash-plugin-system"
version = "0.1.0"
dependencies = [
 "flash_plugin",
 "tokio",
]

[[package]]
name = "flash-plugin-tmux"
version = "0.1.0"
dependencies = [
 "flash_plugin",
 "libc",
 "objc2",
 "objc2-app-kit",
 "objc2-foundation",
 "regex",
 "serde",
 "serde_json",
 "tokio",
]

[[package]]
name = "flash_plugin"
version = "0.1.0"
dependencies = [
 "flash_plugin_macros",
 "libc",
 "rmp-serde",
 "serde",
 "serde_json",
 "tokio",
]

[[package]]
name = "flash_plugin_macros"
version = "0.1.0"
dependencies = [
 "proc-macro2",
 "quote",
 "serde_json",
]

[[package]]
name = "itoa"
version = "1.0.18"
source = "registry+https://github.com/rust-lang/crates.io-index"
checksum = "8f42a60cbdf9a97f5d2305f08a87dc4e09308d1276d28c869c684d7777685682"

[[package]]
name = "libc"
version = "0.2.186"
source = "registry+https://github.com/rust-lang/crates.io-index"
checksum = "68ab91017fe16c622486840e4c83c9a37afeff978bd239b5293d61ece587de66"

[[package]]
name = "memchr"
version = "2.8.2"
source = "registry+https://github.com/rust-lang/crates.io-index"
checksum = "88904434abc2901f197fe8cc55f0445e7ded921dba5911dad2e2b39b48e663c4"

[[package]]
name = "mio"
version = "1.2.1"
source = "registry+https://github.com/rust-lang/crates.io-index"
checksum = "02bd0af71c67b473010cbbc60715ee815645a4dc942899111f494b4b737d6fda"
dependencies = [
 "libc",
 "wasi",
 "windows-sys",
]

[[package]]
name = "num-traits"
version = "0.2.19"
source = "registry+https://github.com/rust-lang/crates.io-index"
checksum = "071dfc062690e90b734c0b2273ce72ad0ffa95f0c74596bc250dcfd960262841"
dependencies = [
 "autocfg",
]

[[package]]
name = "objc2"
version = "0.6.4"
source = "registry+https://github.com/rust-lang/crates.io-index"
checksum = "3a12a8ed07aefc768292f076dc3ac8c48f3781c8f2d5851dd3d98950e8c5a89f"
dependencies = [
 "objc2-encode",
]

[[package]]
name = "objc2-app-kit"
version = "0.3.2"
source = "registry+https://github.com/rust-lang/crates.io-index"
checksum = "d49e936b501e5c5bf01fda3a9452ff86dc3ea98ad5f283e1455153142d97518c"
dependencies = [
 "bitflags",
 "objc2",
 "objc2-core-foundation",
 "objc2-core-graphics",
 "objc2-foundation",
]

[[package]]
name = "objc2-core-foundation"
version = "0.3.2"
source = "registry+https://github.com/rust-lang/crates.io-index"
checksum = "2a180dd8642fa45cdb7dd721cd4c11b1cadd4929ce112ebd8b9f5803cc79d536"
dependencies = [
 "bitflags",
 "dispatch2",
 "objc2",
]

[[package]]
name = "objc2-core-graphics"
version = "0.3.2"
source = "registry+https://github.com/rust-lang/crates.io-index"
checksum = "e022c9d066895efa1345f8e33e584b9f958da2fd4cd116792e15e07e4720a807"
dependencies = [
 "bitflags",
 "dispatch2",
 "objc2",
 "objc2-core-foundation",
 "objc2-io-surface",
]

[[package]]
name = "objc2-encode"
version = "4.1.0"
source = "registry+https://github.com/rust-lang/crates.io-index"
checksum = "ef25abbcd74fb2609453eb695bd2f860d389e457f67dc17cafc8b8cbc89d0c33"

[[package]]
name = "objc2-foundation"
version = "0.3.2"
source = "registry+https://github.com/rust-lang/crates.io-index"
checksum = "e3e0adef53c21f888deb4fa59fc59f7eb17404926ee8a6f59f5df0fd7f9f3272"
dependencies = [
 "bitflags",
 "objc2",
 "objc2-core-foundation",
]

[[package]]
name = "objc2-io-surface"
version = "0.3.2"
source = "registry+https://github.com/rust-lang/crates.io-index"
checksum = "180788110936d59bab6bd83b6060ffdfffb3b922ba1396b312ae795e1de9d81d"
dependencies = [
 "bitflags",
 "objc2",
 "objc2-core-foundation",
]

[[package]]
name = "pin-project-lite"
version = "0.2.17"
source = "registry+https://github.com/rust-lang/crates.io-index"
checksum = "a89322df9ebe1c1578d689c92318e070967d1042b512afbe49518723f4e6d5cd"

[[package]]
name = "proc-macro2"
version = "1.0.106"
source = "registry+https://github.com/rust-lang/crates.io-index"
checksum = "8fd00f0bb2e90d81d1044c2b32617f68fcb9fa3bb7640c23e9c748e53fb30934"
dependencies = [
 "unicode-ident",
]

[[package]]
name = "quick-xml"
version = "0.39.4"
source = "registry+https://github.com/rust-lang/crates.io-index"
checksum = "cdcc8dd4e2f670d309a5f0e83fe36dfdc05af317008fea29144da1a2ac858e5e"
dependencies = [
 "memchr",
]

[[package]]
name = "quote"
version = "1.0.46"
source = "registry+https://github.com/rust-lang/crates.io-index"
checksum = "dfbc457d0c7a0759a614551b11a6409e5951f6c7537be1f1b7682b9ae9230368"
dependencies = [
 "proc-macro2",
]

[[package]]
name = "regex"
version = "1.12.4"
source = "registry+https://github.com/rust-lang/crates.io-index"
checksum = "f1292b7759ae1cb9ec195452d1390a074f0cd8541ab7a5a8c31cd6db45d4a6ba"
dependencies = [
 "aho-corasick",
 "memchr",
 "regex-automata",
 "regex-syntax",
]

[[package]]
name = "regex-automata"
version = "0.4.14"
source = "registry+https://github.com/rust-lang/crates.io-index"
checksum = "6e1dd4122fc1595e8162618945476892eefca7b88c52820e74af6262213cae8f"
dependencies = [
 "aho-corasick",
 "memchr",
 "regex-syntax",
]

[[package]]
name = "regex-syntax"
version = "0.8.11"
source = "registry+https://github.com/rust-lang/crates.io-index"
checksum = "d6f6ff9a378485b298a5286656da665ba74413d36db0979633275d2e708145d4"

[[package]]
name = "rmp"
version = "0.8.15"
source = "registry+https://github.com/rust-lang/crates.io-index"
checksum = "4ba8be72d372b2c9b35542551678538b562e7cf86c3315773cae48dfbfe7790c"
dependencies = [
 "num-traits",
]

[[package]]
name = "rmp-serde"
version = "1.3.1"
source = "registry+https://github.com/rust-lang/crates.io-index"
checksum = "72f81bee8c8ef9b577d1681a70ebbc962c232461e397b22c208c43c04b67a155"
dependencies = [
 "rmp",
 "serde",
]

[[package]]
name = "serde"
version = "1.0.228"
source = "registry+https://github.com/rust-lang/crates.io-index"
checksum = "9a8e94ea7f378bd32cbbd37198a4a91436180c5bb472411e48b5ec2e2124ae9e"
dependencies = [
 "serde_core",
 "serde_derive",
]

[[package]]
name = "serde_core"
version = "1.0.228"
source = "registry+https://github.com/rust-lang/crates.io-index"
checksum = "41d385c7d4ca58e59fc732af25c3983b67ac852c1a25000afe1175de458b67ad"
dependencies = [
 "serde_derive",
]

[[package]]
name = "serde_derive"
version = "1.0.228"
source = "registry+https://github.com/rust-lang/crates.io-index"
checksum = "d540f220d3187173da220f885ab66608367b6574e925011a9353e4badda91d79"
dependencies = [
 "proc-macro2",
 "quote",
 "syn",
]

[[package]]
name = "serde_json"
version = "1.0.150"
source = "registry+https://github.com/rust-lang/crates.io-index"
checksum = "e8014e44b4736ed0538adeecded0fce2a272f22dc9578a7eb6b2d9993c74cfb9"
dependencies = [
 "itoa",
 "memchr",
 "serde",
 "serde_core",
 "zmij",
]

[[package]]
name = "signal-hook-registry"
version = "1.4.8"
source = "registry+https://github.com/rust-lang/crates.io-index"
checksum = "c4db69cba1110affc0e9f7bcd48bbf87b3f4fc7c61fc9155afd4c469eb3d6c1b"
dependencies = [
 "errno",
 "libc",
]

[[package]]
name = "syn"
version = "2.0.118"
source = "registry+https://github.com/rust-lang/crates.io-index"
checksum = "1b9ae57f904213ebb649ce6895b8a66c66f0203b9319718f69a5612a065b1422"
dependencies = [
 "proc-macro2",
 "quote",
 "unicode-ident",
]

[[package]]
name = "tokio"
version = "1.52.3"
source = "registry+https://github.com/rust-lang/crates.io-index"
checksum = "8fc7f01b389ac15039e4dc9531aa973a135d7a4135281b12d7c1bc79fd57fffe"
dependencies = [
 "bytes",
 "libc",
 "mio",
 "pin-project-lite",
 "signal-hook-registry",
 "tokio-macros",
 "windows-sys",
]

[[package]]
name = "tokio-macros"
version = "2.7.0"
source = "registry+https://github.com/rust-lang/crates.io-index"
checksum = "385a6cb71ab9ab790c5fe8d67f1645e6c450a7ce006a33de03daa956cf70a496"
dependencies = [
 "proc-macro2",
 "quote",
 "syn",
]

[[package]]
name = "unicode-ident"
version = "1.0.24"
source = "registry+https://github.com/rust-lang/crates.io-index"
checksum = "e6e4313cd5fcd3dad5cafa179702e2b244f760991f45397d14d4ebf38247da75"

[[package]]
name = "wasi"
version = "0.11.1+wasi-snapshot-preview1"
source = "registry+https://github.com/rust-lang/crates.io-index"
checksum = "ccf3ec651a847eb01de73ccad15eb7d99f80485de043efb2f370cd654f4ea44b"

[[package]]
name = "windows-link"
version = "0.2.1"
source = "registry+https://github.com/rust-lang/crates.io-index"
checksum = "f0805222e57f7521d6a62e36fa9163bc891acd422f971defe97d64e70d0a4fe5"

[[package]]
name = "windows-sys"
version = "0.61.2"
source = "registry+https://github.com/rust-lang/crates.io-index"
checksum = "ae137229bcbd6cdf0f7b80a31df61766145077ddf49416a728b02cb3921ff3fc"
dependencies = [
 "windows-link",
]

[[package]]
name = "zmij"
version = "1.0.21"
source = "registry+https://github.com/rust-lang/crates.io-index"
checksum = "b8848ee67ecc8aedbaf3e4122217aff892639231befc6a1b58d29fff4c2cabaa"
